{
  "requires": true,
  "lockfileVersion": 1,
  "dependencies": {
    "import-export": {
      "version": "1.0.1",
      "resolved": "https://registry.npmjs.org/import-export/-/import-export-1.0.1.tgz",
      "integrity": "sha1-K3BfydAioyz4akPkEiS44lq2M14=",
      "requires": {
        "node-hook": "0.4.1"
      }
    },
    "node-hook": {
      "version": "0.4.1",
      "resolved": "https://registry.npmjs.org/node-hook/-/node-hook-0.4.1.tgz",
      "integrity": "sha1-EBahBuk+vZWf0zfL41+mOX+p1hw="
    }
  }
}
